
Microsoft Visual Studio Solution File, Format Version 12.00
# Visual Studio Version 17
VisualStudioVersion = 17.11.35222.181
MinimumVisualStudioVersion = 10.0.40219.1
Project("{FAE04EC0-301F-11D3-BF4B-00C04F79EFBC}") = "TaskManagerAPI", "TaskManagerAPI\TaskManagerAPI.csproj", "{151B15D4-673E-45DB-80CD-5131E7181283}"
EndProject
Global
	GlobalSection(SolutionConfigurationPlatforms) = preSolution
		Debug|Any CPU = Debug|Any CPU
		Release|Any CPU = Release|Any CPU
	EndGlobalSection
	GlobalSection(ProjectConfigurationPlatforms) = postSolution
		{151B15D4-673E-45DB-80CD-5131E7181283}.Debug|Any CPU.ActiveCfg = Debug|Any CPU
		{151B15D4-673E-45DB-80CD-5131E7181283}.Debug|Any CPU.Build.0 = Debug|Any CPU
		{151B15D4-673E-45DB-80CD-5131E7181283}.Release|Any CPU.ActiveCfg = Release|Any CPU
		{151B15D4-673E-45DB-80CD-5131E7181283}.Release|Any CPU.Build.0 = Release|Any CPU
	EndGlobalSection
	GlobalSection(SolutionProperties) = preSolution
		HideSolutionNode = FALSE
	EndGlobalSection
	GlobalSection(ExtensibilityGlobals) = postSolution
		SolutionGuid = {629D85EB-BA25-49FB-A975-C5DF28865D90}
	EndGlobalSection
EndGlobal
